
Microsoft Visual Studio Solution File, Format Version 12.00
# Visual Studio Version 17
VisualStudioVersion = 17.10.35013.160
MinimumVisualStudioVersion = 10.0.40219.1
Project("{9A19103F-16F7-4668-BE54-9A1E7A4F7556}") = "Comercio", "SexShop\Comercio.csproj", "{BE0A0DAA-AF2F-4531-BD26-63FA085F35FE}"
EndProject
Global
	GlobalSection(SolutionConfigurationPlatforms) = preSolution
		Debug|Any CPU = Debug|Any CPU
		Release|Any CPU = Release|Any CPU
	EndGlobalSection
	GlobalSection(ProjectConfigurationPlatforms) = postSolution
		{BE0A0DAA-AF2F-4531-BD26-63FA085F35FE}.Debug|Any CPU.ActiveCfg = Debug|Any CPU
		{BE0A0DAA-AF2F-4531-BD26-63FA085F35FE}.Debug|Any CPU.Build.0 = Debug|Any CPU
		{BE0A0DAA-AF2F-4531-BD26-63FA085F35FE}.Release|Any CPU.ActiveCfg = Release|Any CPU
		{BE0A0DAA-AF2F-4531-BD26-63FA085F35FE}.Release|Any CPU.Build.0 = Release|Any CPU
	EndGlobalSection
	GlobalSection(SolutionProperties) = preSolution
		HideSolutionNode = FALSE
	EndGlobalSection
	GlobalSection(ExtensibilityGlobals) = postSolution
		SolutionGuid = {259F179D-6521-4B62-9AA0-10B6603F0760}
	EndGlobalSection
EndGlobal
